
Microsoft Visual Studio Solution File, Format Version 12.00
# Visual Studio 2012
Project("{FAE04EC0-301F-11D3-BF4B-00C04F79EFBC}") = "WPFKeyboard", "WPFKeyboard\WPFKeyboard.csproj", "{C6DBD72A-7B55-43A9-9AEB-2956D256C9AE}"
EndProject
Project("{8BC9CEB8-8B4A-11D0-8D11-00A0C91BC942}") = "WPFKeyboardNative", "WPFKeyboardNative\WPFKeyboardNative.vcxproj", "{EC8EB985-A262-4DC3-8D3E-AE38786C8B7D}"
EndProject
Global
	GlobalSection(SolutionConfigurationPlatforms) = preSolution
		Debug|Any CPU = Debug|Any CPU
		Debug|Mixed Platforms = Debug|Mixed Platforms
		Debug|Win32 = Debug|Win32
		Release|Any CPU = Release|Any CPU
		Release|Mixed Platforms = Release|Mixed Platforms
		Release|Win32 = Release|Win32
	EndGlobalSection
	GlobalSection(ProjectConfigurationPlatforms) = postSolution
		{C6DBD72A-7B55-43A9-9AEB-2956D256C9AE}.Debug|Any CPU.ActiveCfg = Debug|Any CPU
		{C6DBD72A-7B55-43A9-9AEB-2956D256C9AE}.Debug|Any CPU.Build.0 = Debug|Any CPU
		{C6DBD72A-7B55-43A9-9AEB-2956D256C9AE}.Debug|Mixed Platforms.ActiveCfg = Debug|Any CPU
		{C6DBD72A-7B55-43A9-9AEB-2956D256C9AE}.Debug|Mixed Platforms.Build.0 = Debug|Any CPU
		{C6DBD72A-7B55-43A9-9AEB-2956D256C9AE}.Debug|Win32.ActiveCfg = Debug|Any CPU
		{C6DBD72A-7B55-43A9-9AEB-2956D256C9AE}.Release|Any CPU.ActiveCfg = Release|Any CPU
		{C6DBD72A-7B55-43A9-9AEB-2956D256C9AE}.Release|Any CPU.Build.0 = Release|Any CPU
		{C6DBD72A-7B55-43A9-9AEB-2956D256C9AE}.Release|Mixed Platforms.ActiveCfg = Release|Any CPU
		{C6DBD72A-7B55-43A9-9AEB-2956D256C9AE}.Release|Mixed Platforms.Build.0 = Release|Any CPU
		{C6DBD72A-7B55-43A9-9AEB-2956D256C9AE}.Release|Win32.ActiveCfg = Release|Any CPU
		{EC8EB985-A262-4DC3-8D3E-AE38786C8B7D}.Debug|Any CPU.ActiveCfg = Debug|Win32
		{EC8EB985-A262-4DC3-8D3E-AE38786C8B7D}.Debug|Mixed Platforms.ActiveCfg = Debug|Win32
		{EC8EB985-A262-4DC3-8D3E-AE38786C8B7D}.Debug|Mixed Platforms.Build.0 = Debug|Win32
		{EC8EB985-A262-4DC3-8D3E-AE38786C8B7D}.Debug|Win32.ActiveCfg = Debug|Win32
		{EC8EB985-A262-4DC3-8D3E-AE38786C8B7D}.Debug|Win32.Build.0 = Debug|Win32
		{EC8EB985-A262-4DC3-8D3E-AE38786C8B7D}.Release|Any CPU.ActiveCfg = Release|Win32
		{EC8EB985-A262-4DC3-8D3E-AE38786C8B7D}.Release|Mixed Platforms.ActiveCfg = Release|Win32
		{EC8EB985-A262-4DC3-8D3E-AE38786C8B7D}.Release|Mixed Platforms.Build.0 = Release|Win32
		{EC8EB985-A262-4DC3-8D3E-AE38786C8B7D}.Release|Win32.ActiveCfg = Release|Win32
		{EC8EB985-A262-4DC3-8D3E-AE38786C8B7D}.Release|Win32.Build.0 = Release|Win32
	EndGlobalSection
	GlobalSection(SolutionProperties) = preSolution
		HideSolutionNode = FALSE
	EndGlobalSection
EndGlobal
