
Microsoft Visual Studio Solution File, Format Version 12.00
# Visual Studio 2012
Project("{FAE04EC0-301F-11D3-BF4B-00C04F79EFBC}") = "Sample", "Sample\Sample.csproj", "{F12F830F-6B12-4D83-925B-01B2ABE37D8B}"
EndProject
Project("{FAE04EC0-301F-11D3-BF4B-00C04F79EFBC}") = "WPFKeyboard", "WPFKeyboard\WPFKeyboard.csproj", "{1B56A2AB-181D-4C58-9230-BF3F286A5D35}"
EndProject
Project("{8BC9CEB8-8B4A-11D0-8D11-00A0C91BC942}") = "WPFKeyboardNative", "WPFKeyboardNative\WPFKeyboardNative.vcxproj", "{EC8EB985-A262-4DC3-8D3E-AE38786C8B7D}"
EndProject
Project("{8BC9CEB8-8B4A-11D0-8D11-00A0C91BC942}") = "WPFKeyboardNativeTest", "WPFKeyboardNativeTest\WPFKeyboardNativeTest.vcxproj", "{F17016EA-957F-4728-8BF0-1D8893067EE8}"
EndProject
Global
	GlobalSection(SolutionConfigurationPlatforms) = preSolution
		Debug|Win32 = Debug|Win32
		Release|Win32 = Release|Win32
	EndGlobalSection
	GlobalSection(ProjectConfigurationPlatforms) = postSolution
		{F12F830F-6B12-4D83-925B-01B2ABE37D8B}.Debug|Win32.ActiveCfg = Debug|Any CPU
		{F12F830F-6B12-4D83-925B-01B2ABE37D8B}.Debug|Win32.Build.0 = Debug|Any CPU
		{F12F830F-6B12-4D83-925B-01B2ABE37D8B}.Release|Win32.ActiveCfg = Release|Any CPU
		{F12F830F-6B12-4D83-925B-01B2ABE37D8B}.Release|Win32.Build.0 = Release|Any CPU
		{1B56A2AB-181D-4C58-9230-BF3F286A5D35}.Debug|Win32.ActiveCfg = Debug|Any CPU
		{1B56A2AB-181D-4C58-9230-BF3F286A5D35}.Debug|Win32.Build.0 = Debug|Any CPU
		{1B56A2AB-181D-4C58-9230-BF3F286A5D35}.Release|Win32.ActiveCfg = Release|Any CPU
		{1B56A2AB-181D-4C58-9230-BF3F286A5D35}.Release|Win32.Build.0 = Release|Any CPU
		{EC8EB985-A262-4DC3-8D3E-AE38786C8B7D}.Debug|Win32.ActiveCfg = Debug|Win32
		{EC8EB985-A262-4DC3-8D3E-AE38786C8B7D}.Debug|Win32.Build.0 = Debug|Win32
		{EC8EB985-A262-4DC3-8D3E-AE38786C8B7D}.Release|Win32.ActiveCfg = Release|Win32
		{F17016EA-957F-4728-8BF0-1D8893067EE8}.Debug|Win32.ActiveCfg = Debug|Win32
		{F17016EA-957F-4728-8BF0-1D8893067EE8}.Debug|Win32.Build.0 = Debug|Win32
		{F17016EA-957F-4728-8BF0-1D8893067EE8}.Release|Win32.ActiveCfg = Release|Win32
	EndGlobalSection
	GlobalSection(SolutionProperties) = preSolution
		HideSolutionNode = FALSE
	EndGlobalSection
EndGlobal
